// !$*UTF8*$!
{
	archiveVersion = 1;
	classes = {
	};
	objectVersion = 46;
	objects = {

/* Begin PBXBuildFile section */
		B7C37E8C19220A9C00AC6CA8 /* Foundation.framework in Frameworks */ = {isa = PBXBuildFile; fileRef = B7C37E8B19220A9C00AC6CA8 /* Foundation.framework */; };
		B7C37E8E19220A9C00AC6CA8 /* CoreGraphics.framework in Frameworks */ = {isa = PBXBuildFile; fileRef = B7C37E8D19220A9C00AC6CA8 /* CoreGraphics.framework */; };
		B7C37E9019220A9C00AC6CA8 /* UIKit.framework in Frameworks */ = {isa = PBXBuildFile; fileRef = B7C37E8F19220A9C00AC6CA8 /* UIKit.framework */; };
		B7C37E9619220A9C00AC6CA8 /* InfoPlist.strings in Resources */ = {isa = PBXBuildFile; fileRef = B7C37E9419220A9C00AC6CA8 /* InfoPlist.strings */; };
		B7C37E9819220A9C00AC6CA8 /* main.m in Sources */ = {isa = PBXBuildFile; fileRef = B7C37E9719220A9C00AC6CA8 /* main.m */; };
		B7C37E9C19220A9C00AC6CA8 /* NVAppDelegate.m in Sources */ = {isa = PBXBuildFile; fileRef = B7C37E9B19220A9C00AC6CA8 /* NVAppDelegate.m */; };
		B7C37E9E19220A9C00AC6CA8 /* Images.xcassets in Resources */ = {isa = PBXBuildFile; fileRef = B7C37E9D19220A9C00AC6CA8 /* Images.xcassets */; };
		B7C37EA519220A9C00AC6CA8 /* XCTest.framework in Frameworks */ = {isa = PBXBuildFile; fileRef = B7C37EA419220A9C00AC6CA8 /* XCTest.framework */; };
		B7C37EA619220A9C00AC6CA8 /* Foundation.framework in Frameworks */ = {isa = PBXBuildFile; fileRef = B7C37E8B19220A9C00AC6CA8 /* Foundation.framework */; };
		B7C37EA719220A9C00AC6CA8 /* UIKit.framework in Frameworks */ = {isa = PBXBuildFile; fileRef = B7C37E8F19220A9C00AC6CA8 /* UIKit.framework */; };
		B7C37EAF19220A9C00AC6CA8 /* InfoPlist.strings in Resources */ = {isa = PBXBuildFile; fileRef = B7C37EAD19220A9C00AC6CA8 /* InfoPlist.strings */; };
		B7C37EB119220A9C00AC6CA8 /* _048Tests.m in Sources */ = {isa = PBXBuildFile; fileRef = B7C37EB019220A9C00AC6CA8 /* _048Tests.m */; };
		B7C37EBC19220AC800AC6CA8 /* NV2048Model.m in Sources */ = {isa = PBXBuildFile; fileRef = B7C37EBB19220AC800AC6CA8 /* NV2048Model.m */; };
		B7C37EC219221DA800AC6CA8 /* NVPoint.m in Sources */ = {isa = PBXBuildFile; fileRef = B7C37EC119221DA800AC6CA8 /* NVPoint.m */; };
		B7C37EC61922265700AC6CA8 /* NVViewController.m in Sources */ = {isa = PBXBuildFile; fileRef = B7C37EC41922265700AC6CA8 /* NVViewController.m */; };
		B7C37EC71922265700AC6CA8 /* NVViewController.xib in Resources */ = {isa = PBXBuildFile; fileRef = B7C37EC51922265700AC6CA8 /* NVViewController.xib */; };
/* End PBXBuildFile section */

/* Begin PBXContainerItemProxy section */
		B7C37EA819220A9C00AC6CA8 /* PBXContainerItemProxy */ = {
			isa = PBXContainerItemProxy;
			containerPortal = B7C37E8019220A9C00AC6CA8 /* Project object */;
			proxyType = 1;
			remoteGlobalIDString = B7C37E8719220A9C00AC6CA8;
			remoteInfo = 2048;
		};
/* End PBXContainerItemProxy section */

/* Begin PBXFileReference section */
		B7C37E8819220A9C00AC6CA8 /* 2048.app */ = {isa = PBXFileReference; explicitFileType = wrapper.application; includeInIndex = 0; path = 2048.app; sourceTree = BUILT_PRODUCTS_DIR; };
		B7C37E8B19220A9C00AC6CA8 /* Foundation.framework */ = {isa = PBXFileReference; lastKnownFileType = wrapper.framework; name = Foundation.framework; path = System/Library/Frameworks/Foundation.framework; sourceTree = SDKROOT; };
		B7C37E8D19220A9C00AC6CA8 /* CoreGraphics.framework */ = {isa = PBXFileReference; lastKnownFileType = wrapper.framework; name = CoreGraphics.framework; path = System/Library/Frameworks/CoreGraphics.framework; sourceTree = SDKROOT; };
		B7C37E8F19220A9C00AC6CA8 /* UIKit.framework */ = {isa = PBXFileReference; lastKnownFileType = wrapper.framework; name = UIKit.framework; path = System/Library/Frameworks/UIKit.framework; sourceTree = SDKROOT; };
		B7C37E9319220A9C00AC6CA8 /* 2048-Info.plist */ = {isa = PBXFileReference; lastKnownFileType = text.plist.xml; path = "2048-Info.plist"; sourceTree = "<group>"; };
		B7C37E9519220A9C00AC6CA8 /* en */ = {isa = PBXFileReference; lastKnownFileType = text.plist.strings; name = en; path = en.lproj/InfoPlist.strings; sourceTree = "<group>"; };
		B7C37E9719220A9C00AC6CA8 /* main.m */ = {isa = PBXFileReference; lastKnownFileType = sourcecode.c.objc; path = main.m; sourceTree = "<group>"; };
		B7C37E9919220A9C00AC6CA8 /* 2048-Prefix.pch */ = {isa = PBXFileReference; lastKnownFileType = sourcecode.c.h; path = "2048-Prefix.pch"; sourceTree = "<group>"; };
		B7C37E9A19220A9C00AC6CA8 /* NVAppDelegate.h */ = {isa = PBXFileReference; lastKnownFileType = sourcecode.c.h; path = NVAppDelegate.h; sourceTree = "<group>"; };
		B7C37E9B19220A9C00AC6CA8 /* NVAppDelegate.m */ = {isa = PBXFileReference; lastKnownFileType = sourcecode.c.objc; path = NVAppDelegate.m; sourceTree = "<group>"; };
		B7C37E9D19220A9C00AC6CA8 /* Images.xcassets */ = {isa = PBXFileReference; lastKnownFileType = folder.assetcatalog; path = Images.xcassets; sourceTree = "<group>"; };
		B7C37EA319220A9C00AC6CA8 /* 2048Tests.xctest */ = {isa = PBXFileReference; explicitFileType = wrapper.cfbundle; includeInIndex = 0; path = 2048Tests.xctest; sourceTree = BUILT_PRODUCTS_DIR; };
		B7C37EA419220A9C00AC6CA8 /* XCTest.framework */ = {isa = PBXFileReference; lastKnownFileType = wrapper.framework; name = XCTest.framework; path = Library/Frameworks/XCTest.framework; sourceTree = DEVELOPER_DIR; };
		B7C37EAC19220A9C00AC6CA8 /* 2048Tests-Info.plist */ = {isa = PBXFileReference; lastKnownFileType = text.plist.xml; path = "2048Tests-Info.plist"; sourceTree = "<group>"; };
		B7C37EAE19220A9C00AC6CA8 /* en */ = {isa = PBXFileReference; lastKnownFileType = text.plist.strings; name = en; path = en.lproj/InfoPlist.strings; sourceTree = "<group>"; };
		B7C37EB019220A9C00AC6CA8 /* _048Tests.m */ = {isa = PBXFileReference; lastKnownFileType = sourcecode.c.objc; path = _048Tests.m; sourceTree = "<group>"; };
		B7C37EBA19220AC800AC6CA8 /* NV2048Model.h */ = {isa = PBXFileReference; fileEncoding = 4; lastKnownFileType = sourcecode.c.h; path = NV2048Model.h; sourceTree = "<group>"; };
		B7C37EBB19220AC800AC6CA8 /* NV2048Model.m */ = {isa = PBXFileReference; fileEncoding = 4; lastKnownFileType = sourcecode.c.objc; path = NV2048Model.m; sourceTree = "<group>"; };
		B7C37EC019221DA800AC6CA8 /* NVPoint.h */ = {isa = PBXFileReference; fileEncoding = 4; lastKnownFileType = sourcecode.c.h; path = NVPoint.h; sourceTree = "<group>"; };
		B7C37EC119221DA800AC6CA8 /* NVPoint.m */ = {isa = PBXFileReference; fileEncoding = 4; lastKnownFileType = sourcecode.c.objc; path = NVPoint.m; sourceTree = "<group>"; };
		B7C37EC31922265700AC6CA8 /* NVViewController.h */ = {isa = PBXFileReference; fileEncoding = 4; lastKnownFileType = sourcecode.c.h; path = NVViewController.h; sourceTree = "<group>"; };
		B7C37EC41922265700AC6CA8 /* NVViewController.m */ = {isa = PBXFileReference; fileEncoding = 4; lastKnownFileType = sourcecode.c.objc; path = NVViewController.m; sourceTree = "<group>"; };
		B7C37EC51922265700AC6CA8 /* NVViewController.xib */ = {isa = PBXFileReference; fileEncoding = 4; lastKnownFileType = file.xib; path = NVViewController.xib; sourceTree = "<group>"; };
/* End PBXFileReference section */

/* Begin PBXFrameworksBuildPhase section */
		B7C37E8519220A9C00AC6CA8 /* Frameworks */ = {
			isa = PBXFrameworksBuildPhase;
			buildActionMask = 2147483647;
			files = (
				B7C37E8E19220A9C00AC6CA8 /* CoreGraphics.framework in Frameworks */,
				B7C37E9019220A9C00AC6CA8 /* UIKit.framework in Frameworks */,
				B7C37E8C19220A9C00AC6CA8 /* Foundation.framework in Frameworks */,
			);
			runOnlyForDeploymentPostprocessing = 0;
		};
		B7C37EA019220A9C00AC6CA8 /* Frameworks */ = {
			isa = PBXFrameworksBuildPhase;
			buildActionMask = 2147483647;
			files = (
				B7C37EA519220A9C00AC6CA8 /* XCTest.framework in Frameworks */,
				B7C37EA719220A9C00AC6CA8 /* UIKit.framework in Frameworks */,
				B7C37EA619220A9C00AC6CA8 /* Foundation.framework in Frameworks */,
			);
			runOnlyForDeploymentPostprocessing = 0;
		};
/* End PBXFrameworksBuildPhase section */

/* Begin PBXGroup section */
		B7C37E7F19220A9C00AC6CA8 = {
			isa = PBXGroup;
			children = (
				B7C37E9119220A9C00AC6CA8 /* 2048 */,
				B7C37EAA19220A9C00AC6CA8 /* 2048Tests */,
				B7C37E8A19220A9C00AC6CA8 /* Frameworks */,
				B7C37E8919220A9C00AC6CA8 /* Products */,
			);
			sourceTree = "<group>";
		};
		B7C37E8919220A9C00AC6CA8 /* Products */ = {
			isa = PBXGroup;
			children = (
				B7C37E8819220A9C00AC6CA8 /* 2048.app */,
				B7C37EA319220A9C00AC6CA8 /* 2048Tests.xctest */,
			);
			name = Products;
			sourceTree = "<group>";
		};
		B7C37E8A19220A9C00AC6CA8 /* Frameworks */ = {
			isa = PBXGroup;
			children = (
				B7C37E8B19220A9C00AC6CA8 /* Foundation.framework */,
				B7C37E8D19220A9C00AC6CA8 /* CoreGraphics.framework */,
				B7C37E8F19220A9C00AC6CA8 /* UIKit.framework */,
				B7C37EA419220A9C00AC6CA8 /* XCTest.framework */,
			);
			name = Frameworks;
			sourceTree = "<group>";
		};
		B7C37E9119220A9C00AC6CA8 /* 2048 */ = {
			isa = PBXGroup;
			children = (
				B7C37E9A19220A9C00AC6CA8 /* NVAppDelegate.h */,
				B7C37E9B19220A9C00AC6CA8 /* NVAppDelegate.m */,
				B7C37EC31922265700AC6CA8 /* NVViewController.h */,
				B7C37EC41922265700AC6CA8 /* NVViewController.m */,
				B7C37EC51922265700AC6CA8 /* NVViewController.xib */,
				B7C37EBA19220AC800AC6CA8 /* NV2048Model.h */,
				B7C37EBB19220AC800AC6CA8 /* NV2048Model.m */,
				B7C37EC019221DA800AC6CA8 /* NVPoint.h */,
				B7C37EC119221DA800AC6CA8 /* NVPoint.m */,
				B7C37E9D19220A9C00AC6CA8 /* Images.xcassets */,
				B7C37E9219220A9C00AC6CA8 /* Supporting Files */,
			);
			path = 2048;
			sourceTree = "<group>";
		};
		B7C37E9219220A9C00AC6CA8 /* Supporting Files */ = {
			isa = PBXGroup;
			children = (
				B7C37E9319220A9C00AC6CA8 /* 2048-Info.plist */,
				B7C37E9419220A9C00AC6CA8 /* InfoPlist.strings */,
				B7C37E9719220A9C00AC6CA8 /* main.m */,
				B7C37E9919220A9C00AC6CA8 /* 2048-Prefix.pch */,
			);
			name = "Supporting Files";
			sourceTree = "<group>";
		};
		B7C37EAA19220A9C00AC6CA8 /* 2048Tests */ = {
			isa = PBXGroup;
			children = (
				B7C37EB019220A9C00AC6CA8 /* _048Tests.m */,
				B7C37EAB19220A9C00AC6CA8 /* Supporting Files */,
			);
			path = 2048Tests;
			sourceTree = "<group>";
		};
		B7C37EAB19220A9C00AC6CA8 /* Supporting Files */ = {
			isa = PBXGroup;
			children = (
				B7C37EAC19220A9C00AC6CA8 /* 2048Tests-Info.plist */,
				B7C37EAD19220A9C00AC6CA8 /* InfoPlist.strings */,
			);
			name = "Supporting Files";
			sourceTree = "<group>";
		};
/* End PBXGroup section */

/* Begin PBXNativeTarget section */
		B7C37E8719220A9C00AC6CA8 /* 2048 */ = {
			isa = PBXNativeTarget;
			buildConfigurationList = B7C37EB419220A9C00AC6CA8 /* Build configuration list for PBXNativeTarget "2048" */;
			buildPhases = (
				B7C37E8419220A9C00AC6CA8 /* Sources */,
				B7C37E8519220A9C00AC6CA8 /* Frameworks */,
				B7C37E8619220A9C00AC6CA8 /* Resources */,
			);
			buildRules = (
			);
			dependencies = (
			);
			name = 2048;
			productName = 2048;
			productReference = B7C37E8819220A9C00AC6CA8 /* 2048.app */;
			productType = "com.apple.product-type.application";
		};
		B7C37EA219220A9C00AC6CA8 /* 2048Tests */ = {
			isa = PBXNativeTarget;
			buildConfigurationList = B7C37EB719220A9C00AC6CA8 /* Build configuration list for PBXNativeTarget "2048Tests" */;
			buildPhases = (
				B7C37E9F19220A9C00AC6CA8 /* Sources */,
				B7C37EA019220A9C00AC6CA8 /* Frameworks */,
				B7C37EA119220A9C00AC6CA8 /* Resources */,
			);
			buildRules = (
			);
			dependencies = (
				B7C37EA919220A9C00AC6CA8 /* PBXTargetDependency */,
			);
			name = 2048Tests;
			productName = 2048Tests;
			productReference = B7C37EA319220A9C00AC6CA8 /* 2048Tests.xctest */;
			productType = "com.apple.product-type.bundle.unit-test";
		};
/* End PBXNativeTarget section */

/* Begin PBXProject section */
		B7C37E8019220A9C00AC6CA8 /* Project object */ = {
			isa = PBXProject;
			attributes = {
				CLASSPREFIX = NV;
				LastUpgradeCheck = 0510;
				ORGANIZATIONNAME = HZCreative;
				TargetAttributes = {
					B7C37EA219220A9C00AC6CA8 = {
						TestTargetID = B7C37E8719220A9C00AC6CA8;
					};
				};
			};
			buildConfigurationList = B7C37E8319220A9C00AC6CA8 /* Build configuration list for PBXProject "2048" */;
			compatibilityVersion = "Xcode 3.2";
			developmentRegion = English;
			hasScannedForEncodings = 0;
			knownRegions = (
				en,
			);
			mainGroup = B7C37E7F19220A9C00AC6CA8;
			productRefGroup = B7C37E8919220A9C00AC6CA8 /* Products */;
			projectDirPath = "";
			projectRoot = "";
			targets = (
				B7C37E8719220A9C00AC6CA8 /* 2048 */,
				B7C37EA219220A9C00AC6CA8 /* 2048Tests */,
			);
		};
/* End PBXProject section */

/* Begin PBXResourcesBuildPhase section */
		B7C37E8619220A9C00AC6CA8 /* Resources */ = {
			isa = PBXResourcesBuildPhase;
			buildActionMask = 2147483647;
			files = (
				B7C37E9619220A9C00AC6CA8 /* InfoPlist.strings in Resources */,
				B7C37EC71922265700AC6CA8 /* NVViewController.xib in Resources */,
				B7C37E9E19220A9C00AC6CA8 /* Images.xcassets in Resources */,
			);
			runOnlyForDeploymentPostprocessing = 0;
		};
		B7C37EA119220A9C00AC6CA8 /* Resources */ = {
			isa = PBXResourcesBuildPhase;
			buildActionMask = 2147483647;
			files = (
				B7C37EAF19220A9C00AC6CA8 /* InfoPlist.strings in Resources */,
			);
			runOnlyForDeploymentPostprocessing = 0;
		};
/* End PBXResourcesBuildPhase section */

/* Begin PBXSourcesBuildPhase section */
		B7C37E8419220A9C00AC6CA8 /* Sources */ = {
			isa = PBXSourcesBuildPhase;
			buildActionMask = 2147483647;
			files = (
				B7C37EC61922265700AC6CA8 /* NVViewController.m in Sources */,
				B7C37E9C19220A9C00AC6CA8 /* NVAppDelegate.m in Sources */,
				B7C37EC219221DA800AC6CA8 /* NVPoint.m in Sources */,
				B7C37E9819220A9C00AC6CA8 /* main.m in Sources */,
				B7C37EBC19220AC800AC6CA8 /* NV2048Model.m in Sources */,
			);
			runOnlyForDeploymentPostprocessing = 0;
		};
		B7C37E9F19220A9C00AC6CA8 /* Sources */ = {
			isa = PBXSourcesBuildPhase;
			buildActionMask = 2147483647;
			files = (
				B7C37EB119220A9C00AC6CA8 /* _048Tests.m in Sources */,
			);
			runOnlyForDeploymentPostprocessing = 0;
		};
/* End PBXSourcesBuildPhase section */

/* Begin PBXTargetDependency section */
		B7C37EA919220A9C00AC6CA8 /* PBXTargetDependency */ = {
			isa = PBXTargetDependency;
			target = B7C37E8719220A9C00AC6CA8 /* 2048 */;
			targetProxy = B7C37EA819220A9C00AC6CA8 /* PBXContainerItemProxy */;
		};
/* End PBXTargetDependency section */

/* Begin PBXVariantGroup section */
		B7C37E9419220A9C00AC6CA8 /* InfoPlist.strings */ = {
			isa = PBXVariantGroup;
			children = (
				B7C37E9519220A9C00AC6CA8 /* en */,
			);
			name = InfoPlist.strings;
			sourceTree = "<group>";
		};
		B7C37EAD19220A9C00AC6CA8 /* InfoPlist.strings */ = {
			isa = PBXVariantGroup;
			children = (
				B7C37EAE19220A9C00AC6CA8 /* en */,
			);
			name = InfoPlist.strings;
			sourceTree = "<group>";
		};
/* End PBXVariantGroup section */

/* Begin XCBuildConfiguration section */
		B7C37EB219220A9C00AC6CA8 /* Debug */ = {
			isa = XCBuildConfiguration;
			buildSettings = {
				ALWAYS_SEARCH_USER_PATHS = NO;
				CLANG_CXX_LANGUAGE_STANDARD = "gnu++0x";
				CLANG_CXX_LIBRARY = "libc++";
				CLANG_ENABLE_MODULES = YES;
				CLANG_ENABLE_OBJC_ARC = YES;
				CLANG_WARN_BOOL_CONVERSION = YES;
				CLANG_WARN_CONSTANT_CONVERSION = YES;
				CLANG_WARN_DIRECT_OBJC_ISA_USAGE = YES_ERROR;
				CLANG_WARN_EMPTY_BODY = YES;
				CLANG_WARN_ENUM_CONVERSION = YES;
				CLANG_WARN_INT_CONVERSION = YES;
				CLANG_WARN_OBJC_ROOT_CLASS = YES_ERROR;
				CLANG_WARN__DUPLICATE_METHOD_MATCH = YES;
				"CODE_SIGN_IDENTITY[sdk=iphoneos*]" = "iPhone Developer";
				COPY_PHASE_STRIP = NO;
				GCC_C_LANGUAGE_STANDARD = gnu99;
				GCC_DYNAMIC_NO_PIC = NO;
				GCC_OPTIMIZATION_LEVEL = 0;
				GCC_PREPROCESSOR_DEFINITIONS = (
					"DEBUG=1",
					"$(inherited)",
				);
				GCC_SYMBOLS_PRIVATE_EXTERN = NO;
				GCC_WARN_64_TO_32_BIT_CONVERSION = YES;
				GCC_WARN_ABOUT_RETURN_TYPE = YES_ERROR;
				GCC_WARN_UNDECLARED_SELECTOR = YES;
				GCC_WARN_UNINITIALIZED_AUTOS = YES_AGGRESSIVE;
				GCC_WARN_UNUSED_FUNCTION = YES;
				GCC_WARN_UNUSED_VARIABLE = YES;
				IPHONEOS_DEPLOYMENT_TARGET = 7.1;
				ONLY_ACTIVE_ARCH = YES;
				SDKROOT = iphoneos;
			};
			name = Debug;
		};
		B7C37EB319220A9C00AC6CA8 /* Release */ = {
			isa = XCBuildConfiguration;
			buildSettings = {
				ALWAYS_SEARCH_USER_PATHS = NO;
				CLANG_CXX_LANGUAGE_STANDARD = "gnu++0x";
				CLANG_CXX_LIBRARY = "libc++";
				CLANG_ENABLE_MODULES = YES;
				CLANG_ENABLE_OBJC_ARC = YES;
				CLANG_WARN_BOOL_CONVERSION = YES;
				CLANG_WARN_CONSTANT_CONVERSION = YES;
				CLANG_WARN_DIRECT_OBJC_ISA_USAGE = YES_ERROR;
				CLANG_WARN_EMPTY_BODY = YES;
				CLANG_WARN_ENUM_CONVERSION = YES;
				CLANG_WARN_INT_CONVERSION = YES;
				CLANG_WARN_OBJC_ROOT_CLASS = YES_ERROR;
				CLANG_WARN__DUPLICATE_METHOD_MATCH = YES;
				"CODE_SIGN_IDENTITY[sdk=iphoneos*]" = "iPhone Developer";
				COPY_PHASE_STRIP = YES;
				ENABLE_NS_ASSERTIONS = NO;
				GCC_C_LANGUAGE_STANDARD = gnu99;
				GCC_WARN_64_TO_32_BIT_CONVERSION = YES;
				GCC_WARN_ABOUT_RETURN_TYPE = YES_ERROR;
				GCC_WARN_UNDECLARED_SELECTOR = YES;
				GCC_WARN_UNINITIALIZED_AUTOS = YES_AGGRESSIVE;
				GCC_WARN_UNUSED_FUNCTION = YES;
				GCC_WARN_UNUSED_VARIABLE = YES;
				IPHONEOS_DEPLOYMENT_TARGET = 7.1;
				SDKROOT = iphoneos;
				VALIDATE_PRODUCT = YES;
			};
			name = Release;
		};
		B7C37EB519220A9C00AC6CA8 /* Debug */ = {
			isa = XCBuildConfiguration;
			buildSettings = {
				ASSETCATALOG_COMPILER_APPICON_NAME = AppIcon;
				ASSETCATALOG_COMPILER_LAUNCHIMAGE_NAME = LaunchImage;
				GCC_PRECOMPILE_PREFIX_HEADER = YES;
				GCC_PREFIX_HEADER = "2048/2048-Prefix.pch";
				INFOPLIST_FILE = "2048/2048-Info.plist";
				PRODUCT_NAME = "$(TARGET_NAME)";
				WRAPPER_EXTENSION = app;
			};
			name = Debug;
		};
		B7C37EB619220A9C00AC6CA8 /* Release */ = {
			isa = XCBuildConfiguration;
			buildSettings = {
				ASSETCATALOG_COMPILER_APPICON_NAME = AppIcon;
				ASSETCATALOG_COMPILER_LAUNCHIMAGE_NAME = LaunchImage;
				GCC_PRECOMPILE_PREFIX_HEADER = YES;
				GCC_PREFIX_HEADER = "2048/2048-Prefix.pch";
				INFOPLIST_FILE = "2048/2048-Info.plist";
				PRODUCT_NAME = "$(TARGET_NAME)";
				WRAPPER_EXTENSION = app;
			};
			name = Release;
		};
		B7C37EB819220A9C00AC6CA8 /* Debug */ = {
			isa = XCBuildConfiguration;
			buildSettings = {
				BUNDLE_LOADER = "$(BUILT_PRODUCTS_DIR)/2048.app/2048";
				FRAMEWORK_SEARCH_PATHS = (
					"$(SDKROOT)/Developer/Library/Frameworks",
					"$(inherited)",
					"$(DEVELOPER_FRAMEWORKS_DIR)",
				);
				GCC_PRECOMPILE_PREFIX_HEADER = YES;
				GCC_PREFIX_HEADER = "2048/2048-Prefix.pch";
				GCC_PREPROCESSOR_DEFINITIONS = (
					"DEBUG=1",
					"$(inherited)",
				);
				INFOPLIST_FILE = "2048Tests/2048Tests-Info.plist";
				PRODUCT_NAME = "$(TARGET_NAME)";
				TEST_HOST = "$(BUNDLE_LOADER)";
				WRAPPER_EXTENSION = xctest;
			};
			name = Debug;
		};
		B7C37EB919220A9C00AC6CA8 /* Release */ = {
			isa = XCBuildConfiguration;
			buildSettings = {
				BUNDLE_LOADER = "$(BUILT_PRODUCTS_DIR)/2048.app/2048";
				FRAMEWORK_SEARCH_PATHS = (
					"$(SDKROOT)/Developer/Library/Frameworks",
					"$(inherited)",
					"$(DEVELOPER_FRAMEWORKS_DIR)",
				);
				GCC_PRECOMPILE_PREFIX_HEADER = YES;
				GCC_PREFIX_HEADER = "2048/2048-Prefix.pch";
				INFOPLIST_FILE = "2048Tests/2048Tests-Info.plist";
				PRODUCT_NAME = "$(TARGET_NAME)";
				TEST_HOST = "$(BUNDLE_LOADER)";
				WRAPPER_EXTENSION = xctest;
			};
			name = Release;
		};
/* End XCBuildConfiguration section */

/* Begin XCConfigurationList section */
		B7C37E8319220A9C00AC6CA8 /* Build configuration list for PBXProject "2048" */ = {
			isa = XCConfigurationList;
			buildConfigurations = (
				B7C37EB219220A9C00AC6CA8 /* Debug */,
				B7C37EB319220A9C00AC6CA8 /* Release */,
			);
			defaultConfigurationIsVisible = 0;
			defaultConfigurationName = Release;
		};
		B7C37EB419220A9C00AC6CA8 /* Build configuration list for PBXNativeTarget "2048" */ = {
			isa = XCConfigurationList;
			buildConfigurations = (
				B7C37EB519220A9C00AC6CA8 /* Debug */,
				B7C37EB619220A9C00AC6CA8 /* Release */,
			);
			defaultConfigurationIsVisible = 0;
			defaultConfigurationName = Release;
		};
		B7C37EB719220A9C00AC6CA8 /* Build configuration list for PBXNativeTarget "2048Tests" */ = {
			isa = XCConfigurationList;
			buildConfigurations = (
				B7C37EB819220A9C00AC6CA8 /* Debug */,
				B7C37EB919220A9C00AC6CA8 /* Release */,
			);
			defaultConfigurationIsVisible = 0;
			defaultConfigurationName = Release;
		};
/* End XCConfigurationList section */
	};
	rootObject = B7C37E8019220A9C00AC6CA8 /* Project object */;
}
